{
    "_readme": [
        "This file locks the dependencies of your project to a known state",
        "Read more about it at https://getcomposer.org/doc/01-basic-usage.md#installing-dependencies",
        "This file is @generated automatically"
    ],
    "content-hash": "79664add3c0e3f6ad97b4a1183ab1410",
    "packages": [
        {
            "name": "yahnis-elsts/plugin-update-checker",
            "version": "v5.6",
            "source": {
                "type": "git",
                "url": "https://github.com/YahnisElsts/plugin-update-checker.git",
                "reference": "a2db6871deec989a74e1f90fafc6d58ae526a879"
            },
            "dist": {
                "type": "zip",
                "url": "https://api.github.com/repos/YahnisElsts/plugin-update-checker/zipball/a2db6871deec989a74e1f90fafc6d58ae526a879",
                "reference": "a2db6871deec989a74e1f90fafc6d58ae526a879",
                "shasum": ""
            },
            "require": {
                "ext-json": "*",
                "php": ">=5.6.20"
            },
            "type": "library",
            "autoload": {
                "files": [
                    "load-v5p6.php"
                ]
            },
            "notification-url": "https://packagist.org/downloads/",
            "license": [
                "MIT"
            ],
            "authors": [
                {
                    "name": "Yahnis Elsts",
                    "email": "whiteshadow@w-shadow.com",
                    "homepage": "https://w-shadow.com/",
                    "role": "Developer"
                }
            ],
            "description": "A custom update checker for WordPress plugins and themes. Useful if you can't host your plugin in the official WP repository but still want it to support automatic updates.",
            "homepage": "https://github.com/YahnisElsts/plugin-update-checker/",
            "keywords": [
                "automatic updates",
                "plugin updates",
                "theme updates",
                "wordpress"
            ],
            "support": {
                "issues": "https://github.com/YahnisElsts/plugin-update-checker/issues",
                "source": "https://github.com/YahnisElsts/plugin-update-checker/tree/v5.6"
            },
            "time": "2025-05-20T12:29:01+00:00"
        }
    ],
    "packages-dev": [
        {
            "name": "laravel/pint",
            "version": "v1.22.1",
            "source": {
                "type": "git",
                "url": "https://github.com/laravel/pint.git",
                "reference": "941d1927c5ca420c22710e98420287169c7bcaf7"
            },
            "dist": {
                "type": "zip",
                "url": "https://api.github.com/repos/laravel/pint/zipball/941d1927c5ca420c22710e98420287169c7bcaf7",
                "reference": "941d1927c5ca420c22710e98420287169c7bcaf7",
                "shasum": ""
            },
            "require": {
                "ext-json": "*",
                "ext-mbstring": "*",
                "ext-tokenizer": "*",
                "ext-xml": "*",
                "php": "^8.2.0"
            },
            "require-dev": {
                "friendsofphp/php-cs-fixer": "^3.75.0",
                "illuminate/view": "^11.44.7",
                "larastan/larastan": "^3.4.0",
                "laravel-zero/framework": "^11.36.1",
                "mockery/mockery": "^1.6.12",
                "nunomaduro/termwind": "^2.3.1",
                "pestphp/pest": "^2.36.0"
            },
            "bin": [
                "builds/pint"
            ],
            "type": "project",
            "autoload": {
                "psr-4": {
                    "App\\": "app/",
                    "Database\\Seeders\\": "database/seeders/",
                    "Database\\Factories\\": "database/factories/"
                }
            },
            "notification-url": "https://packagist.org/downloads/",
            "license": [
                "MIT"
            ],
            "authors": [
                {
                    "name": "Nuno Maduro",
                    "email": "enunomaduro@gmail.com"
                }
            ],
            "description": "An opinionated code formatter for PHP.",
            "homepage": "https://laravel.com",
            "keywords": [
                "format",
                "formatter",
                "lint",
                "linter",
                "php"
            ],
            "support": {
                "issues": "https://github.com/laravel/pint/issues",
                "source": "https://github.com/laravel/pint"
            },
            "time": "2025-05-08T08:38:12+00:00"
        },
        {
            "name": "php-stubs/wordpress-stubs",
            "version": "v6.8.1",
            "source": {
                "type": "git",
                "url": "https://github.com/php-stubs/wordpress-stubs.git",
                "reference": "92e444847d94f7c30f88c60004648f507688acd5"
            },
            "dist": {
                "type": "zip",
                "url": "https://api.github.com/repos/php-stubs/wordpress-stubs/zipball/92e444847d94f7c30f88c60004648f507688acd5",
                "reference": "92e444847d94f7c30f88c60004648f507688acd5",
                "shasum": ""
            },
            "conflict": {
                "phpdocumentor/reflection-docblock": "5.6.1"
            },
            "require-dev": {
                "dealerdirect/phpcodesniffer-composer-installer": "^1.0",
                "nikic/php-parser": "^5.4",
                "php": "^7.4 || ^8.0",
                "php-stubs/generator": "^0.8.3",
                "phpdocumentor/reflection-docblock": "^5.4.1",
                "phpstan/phpstan": "^2.1",
                "phpunit/phpunit": "^9.5",
                "szepeviktor/phpcs-psr-12-neutron-hybrid-ruleset": "^1.1.1",
                "wp-coding-standards/wpcs": "3.1.0 as 2.3.0"
            },
            "suggest": {
                "paragonie/sodium_compat": "Pure PHP implementation of libsodium",
                "symfony/polyfill-php80": "Symfony polyfill backporting some PHP 8.0+ features to lower PHP versions",
                "szepeviktor/phpstan-wordpress": "WordPress extensions for PHPStan"
            },
            "type": "library",
            "notification-url": "https://packagist.org/downloads/",
            "license": [
                "MIT"
            ],
            "description": "WordPress function and class declaration stubs for static analysis.",
            "homepage": "https://github.com/php-stubs/wordpress-stubs",
            "keywords": [
                "PHPStan",
                "static analysis",
                "wordpress"
            ],
            "support": {
                "issues": "https://github.com/php-stubs/wordpress-stubs/issues",
                "source": "https://github.com/php-stubs/wordpress-stubs/tree/v6.8.1"
            },
            "time": "2025-05-02T12:33:34+00:00"
        },
        {
            "name": "phpstan/phpstan",
            "version": "2.1.17",
            "source": {
                "type": "git",
                "url": "https://github.com/phpstan/phpstan.git",
                "reference": "89b5ef665716fa2a52ecd2633f21007a6a349053"
            },
            "dist": {
                "type": "zip",
                "url": "https://api.github.com/repos/phpstan/phpstan/zipball/89b5ef665716fa2a52ecd2633f21007a6a349053",
                "reference": "89b5ef665716fa2a52ecd2633f21007a6a349053",
                "shasum": ""
            },
            "require": {
                "php": "^7.4|^8.0"
            },
            "conflict": {
                "phpstan/phpstan-shim": "*"
            },
            "bin": [
                "phpstan",
                "phpstan.phar"
            ],
            "type": "library",
            "autoload": {
                "files": [
                    "bootstrap.php"
                ]
            },
            "notification-url": "https://packagist.org/downloads/",
            "license": [
                "MIT"
            ],
            "description": "PHPStan - PHP Static Analysis Tool",
            "keywords": [
                "dev",
                "static analysis"
            ],
            "support": {
                "docs": "https://phpstan.org/user-guide/getting-started",
                "forum": "https://github.com/phpstan/phpstan/discussions",
                "issues": "https://github.com/phpstan/phpstan/issues",
                "security": "https://github.com/phpstan/phpstan/security/policy",
                "source": "https://github.com/phpstan/phpstan-src"
            },
            "funding": [
                {
                    "url": "https://github.com/ondrejmirtes",
                    "type": "github"
                },
                {
                    "url": "https://github.com/phpstan",
                    "type": "github"
                }
            ],
            "time": "2025-05-21T20:55:28+00:00"
        },
        {
            "name": "symfony/deprecation-contracts",
            "version": "v3.6.0",
            "source": {
                "type": "git",
                "url": "https://github.com/symfony/deprecation-contracts.git",
                "reference": "63afe740e99a13ba87ec199bb07bbdee937a5b62"
            },
            "dist": {
                "type": "zip",
                "url": "https://api.github.com/repos/symfony/deprecation-contracts/zipball/63afe740e99a13ba87ec199bb07bbdee937a5b62",
                "reference": "63afe740e99a13ba87ec199bb07bbdee937a5b62",
                "shasum": ""
            },
            "require": {
                "php": ">=8.1"
            },
            "type": "library",
            "extra": {
                "thanks": {
                    "url": "https://github.com/symfony/contracts",
                    "name": "symfony/contracts"
                },
                "branch-alias": {
                    "dev-main": "3.6-dev"
                }
            },
            "autoload": {
                "files": [
                    "function.php"
                ]
            },
            "notification-url": "https://packagist.org/downloads/",
            "license": [
                "MIT"
            ],
            "authors": [
                {
                    "name": "Nicolas Grekas",
                    "email": "p@tchwork.com"
                },
                {
                    "name": "Symfony Community",
                    "homepage": "https://symfony.com/contributors"
                }
            ],
            "description": "A generic function and convention to trigger deprecation notices",
            "homepage": "https://symfony.com",
            "support": {
                "source": "https://github.com/symfony/deprecation-contracts/tree/v3.6.0"
            },
            "funding": [
                {
                    "url": "https://symfony.com/sponsor",
                    "type": "custom"
                },
                {
                    "url": "https://github.com/fabpot",
                    "type": "github"
                },
                {
                    "url": "https://tidelift.com/funding/github/packagist/symfony/symfony",
                    "type": "tidelift"
                }
            ],
            "time": "2024-09-25T14:21:43+00:00"
        },
        {
            "name": "symfony/polyfill-mbstring",
            "version": "v1.32.0",
            "source": {
                "type": "git",
                "url": "https://github.com/symfony/polyfill-mbstring.git",
                "reference": "6d857f4d76bd4b343eac26d6b539585d2bc56493"
            },
            "dist": {
                "type": "zip",
                "url": "https://api.github.com/repos/symfony/polyfill-mbstring/zipball/6d857f4d76bd4b343eac26d6b539585d2bc56493",
                "reference": "6d857f4d76bd4b343eac26d6b539585d2bc56493",
                "shasum": ""
            },
            "require": {
                "ext-iconv": "*",
                "php": ">=7.2"
            },
            "provide": {
                "ext-mbstring": "*"
            },
            "suggest": {
                "ext-mbstring": "For best performance"
            },
            "type": "library",
            "extra": {
                "thanks": {
                    "url": "https://github.com/symfony/polyfill",
                    "name": "symfony/polyfill"
                }
            },
            "autoload": {
                "files": [
                    "bootstrap.php"
                ],
                "psr-4": {
                    "Symfony\\Polyfill\\Mbstring\\": ""
                }
            },
            "notification-url": "https://packagist.org/downloads/",
            "license": [
                "MIT"
            ],
            "authors": [
                {
                    "name": "Nicolas Grekas",
                    "email": "p@tchwork.com"
                },
                {
                    "name": "Symfony Community",
                    "homepage": "https://symfony.com/contributors"
                }
            ],
            "description": "Symfony polyfill for the Mbstring extension",
            "homepage": "https://symfony.com",
            "keywords": [
                "compatibility",
                "mbstring",
                "polyfill",
                "portable",
                "shim"
            ],
            "support": {
                "source": "https://github.com/symfony/polyfill-mbstring/tree/v1.32.0"
            },
            "funding": [
                {
                    "url": "https://symfony.com/sponsor",
                    "type": "custom"
                },
                {
                    "url": "https://github.com/fabpot",
                    "type": "github"
                },
                {
                    "url": "https://tidelift.com/funding/github/packagist/symfony/symfony",
                    "type": "tidelift"
                }
            ],
            "time": "2024-12-23T08:48:59+00:00"
        },
        {
            "name": "symfony/var-dumper",
            "version": "v6.4.21",
            "source": {
                "type": "git",
                "url": "https://github.com/symfony/var-dumper.git",
                "reference": "22560f80c0c5cd58cc0bcaf73455ffd81eb380d5"
            },
            "dist": {
                "type": "zip",
                "url": "https://api.github.com/repos/symfony/var-dumper/zipball/22560f80c0c5cd58cc0bcaf73455ffd81eb380d5",
                "reference": "22560f80c0c5cd58cc0bcaf73455ffd81eb380d5",
                "shasum": ""
            },
            "require": {
                "php": ">=8.1",
                "symfony/deprecation-contracts": "^2.5|^3",
                "symfony/polyfill-mbstring": "~1.0"
            },
            "conflict": {
                "symfony/console": "<5.4"
            },
            "require-dev": {
                "ext-iconv": "*",
                "symfony/console": "^5.4|^6.0|^7.0",
                "symfony/error-handler": "^6.3|^7.0",
                "symfony/http-kernel": "^5.4|^6.0|^7.0",
                "symfony/process": "^5.4|^6.0|^7.0",
                "symfony/uid": "^5.4|^6.0|^7.0",
                "twig/twig": "^2.13|^3.0.4"
            },
            "bin": [
                "Resources/bin/var-dump-server"
            ],
            "type": "library",
            "autoload": {
                "files": [
                    "Resources/functions/dump.php"
                ],
                "psr-4": {
                    "Symfony\\Component\\VarDumper\\": ""
                },
                "exclude-from-classmap": [
                    "/Tests/"
                ]
            },
            "notification-url": "https://packagist.org/downloads/",
            "license": [
                "MIT"
            ],
            "authors": [
                {
                    "name": "Nicolas Grekas",
                    "email": "p@tchwork.com"
                },
                {
                    "name": "Symfony Community",
                    "homepage": "https://symfony.com/contributors"
                }
            ],
            "description": "Provides mechanisms for walking through any arbitrary PHP variable",
            "homepage": "https://symfony.com",
            "keywords": [
                "debug",
                "dump"
            ],
            "support": {
                "source": "https://github.com/symfony/var-dumper/tree/v6.4.21"
            },
            "funding": [
                {
                    "url": "https://symfony.com/sponsor",
                    "type": "custom"
                },
                {
                    "url": "https://github.com/fabpot",
                    "type": "github"
                },
                {
                    "url": "https://tidelift.com/funding/github/packagist/symfony/symfony",
                    "type": "tidelift"
                }
            ],
            "time": "2025-04-09T07:34:50+00:00"
        },
        {
            "name": "szepeviktor/phpstan-wordpress",
            "version": "v2.0.2",
            "source": {
                "type": "git",
                "url": "https://github.com/szepeviktor/phpstan-wordpress.git",
                "reference": "963887b04c21fe7ac78e61c1351f8b00fff9f8f8"
            },
            "dist": {
                "type": "zip",
                "url": "https://api.github.com/repos/szepeviktor/phpstan-wordpress/zipball/963887b04c21fe7ac78e61c1351f8b00fff9f8f8",
                "reference": "963887b04c21fe7ac78e61c1351f8b00fff9f8f8",
                "shasum": ""
            },
            "require": {
                "php": "^7.4 || ^8.0",
                "php-stubs/wordpress-stubs": "^6.6.2",
                "phpstan/phpstan": "^2.0"
            },
            "require-dev": {
                "composer/composer": "^2.1.14",
                "dealerdirect/phpcodesniffer-composer-installer": "^1.0",
                "php-parallel-lint/php-parallel-lint": "^1.1",
                "phpstan/phpstan-strict-rules": "^2.0",
                "phpunit/phpunit": "^9.0",
                "szepeviktor/phpcs-psr-12-neutron-hybrid-ruleset": "^1.0",
                "wp-coding-standards/wpcs": "3.1.0 as 2.3.0"
            },
            "suggest": {
                "swissspidy/phpstan-no-private": "Detect usage of internal core functions, classes and methods"
            },
            "type": "phpstan-extension",
            "extra": {
                "phpstan": {
                    "includes": [
                        "extension.neon"
                    ]
                }
            },
            "autoload": {
                "psr-4": {
                    "SzepeViktor\\PHPStan\\WordPress\\": "src/"
                }
            },
            "notification-url": "https://packagist.org/downloads/",
            "license": [
                "MIT"
            ],
            "description": "WordPress extensions for PHPStan",
            "keywords": [
                "PHPStan",
                "code analyse",
                "code analysis",
                "static analysis",
                "wordpress"
            ],
            "support": {
                "issues": "https://github.com/szepeviktor/phpstan-wordpress/issues",
                "source": "https://github.com/szepeviktor/phpstan-wordpress/tree/v2.0.2"
            },
            "time": "2025-02-12T18:43:37+00:00"
        }
    ],
    "aliases": [],
    "minimum-stability": "stable",
    "stability-flags": {},
    "prefer-stable": false,
    "prefer-lowest": false,
    "platform": {
        "php": "^8.1"
    },
    "platform-dev": {},
    "plugin-api-version": "2.6.0"
}
